
Microsoft Visual Studio Solution File, Format Version 12.00
# Visual Studio Version 16
VisualStudioVersion = 16.0.30114.105
MinimumVisualStudioVersion = 10.0.40219.1
Project("{2150E333-8FDC-42A3-9474-1A3956D46DE8}") = "core", "core", "{B88990E7-6E24-4AA5-B318-27D7498E1673}"
EndProject
Project("{2150E333-8FDC-42A3-9474-1A3956D46DE8}") = "tests", "tests", "{BEB51985-498A-48E6-90C9-B520DE90FC8D}"
EndProject
Project("{2150E333-8FDC-42A3-9474-1A3956D46DE8}") = "apps", "apps", "{7B16F1F3-4AEE-4ADE-A62C-950000C18C1D}"
EndProject
Project("{FAE04EC0-301F-11D3-BF4B-00C04F79EFBC}") = "Gos.ServiceModel", "Gos.ServiceModel\Gos.ServiceModel.csproj", "{70C58C44-71DA-47DC-9FD6-98A578ECDE84}"
EndProject
Project("{FAE04EC0-301F-11D3-BF4B-00C04F79EFBC}") = "Gos.Core", "Gos.Core\Gos.Core.csproj", "{96EFC9C7-0BF0-4D65-A160-B0750BA6A30F}"
EndProject
Project("{FAE04EC0-301F-11D3-BF4B-00C04F79EFBC}") = "Gos.Infrastructure", "Gos.Infrastructure\Gos.Infrastructure.csproj", "{7BD1C589-8979-434F-8D02-2ACC521F204E}"
EndProject
Project("{FAE04EC0-301F-11D3-BF4B-00C04F79EFBC}") = "Gos.Console", "Gos.Console\Gos.Console.csproj", "{A795DD5D-4D2F-4E0F-ACF9-BFC1C8476215}"
EndProject
Project("{FAE04EC0-301F-11D3-BF4B-00C04F79EFBC}") = "Gos.Web", "Gos.Web\Gos.Web.csproj", "{896025DA-EBA5-4F62-B096-47070166CAA6}"
EndProject
Project("{FAE04EC0-301F-11D3-BF4B-00C04F79EFBC}") = "Gos.Tests.Unit", "Gos.Tests.Unit\Gos.Tests.Unit.csproj", "{A2159B84-87D8-4955-AAEF-9EC96B1CA453}"
EndProject
Project("{FAE04EC0-301F-11D3-BF4B-00C04F79EFBC}") = "Gos.Services", "Gos.Services\Gos.Services.csproj", "{2303DFE1-117D-406E-8C9D-B1BE1B1930D5}"
EndProject
Global
	GlobalSection(SolutionConfigurationPlatforms) = preSolution
		Debug|Any CPU = Debug|Any CPU
		Debug|x64 = Debug|x64
		Debug|x86 = Debug|x86
		Release|Any CPU = Release|Any CPU
		Release|x64 = Release|x64
		Release|x86 = Release|x86
	EndGlobalSection
	GlobalSection(SolutionProperties) = preSolution
		HideSolutionNode = FALSE
	EndGlobalSection
	GlobalSection(NestedProjects) = preSolution
		{70C58C44-71DA-47DC-9FD6-98A578ECDE84} = {B88990E7-6E24-4AA5-B318-27D7498E1673}
		{96EFC9C7-0BF0-4D65-A160-B0750BA6A30F} = {B88990E7-6E24-4AA5-B318-27D7498E1673}
		{7BD1C589-8979-434F-8D02-2ACC521F204E} = {B88990E7-6E24-4AA5-B318-27D7498E1673}
		{A795DD5D-4D2F-4E0F-ACF9-BFC1C8476215} = {7B16F1F3-4AEE-4ADE-A62C-950000C18C1D}
		{896025DA-EBA5-4F62-B096-47070166CAA6} = {7B16F1F3-4AEE-4ADE-A62C-950000C18C1D}
		{A2159B84-87D8-4955-AAEF-9EC96B1CA453} = {BEB51985-498A-48E6-90C9-B520DE90FC8D}
		{2303DFE1-117D-406E-8C9D-B1BE1B1930D5} = {B88990E7-6E24-4AA5-B318-27D7498E1673}
	EndGlobalSection
	GlobalSection(ProjectConfigurationPlatforms) = postSolution
		{70C58C44-71DA-47DC-9FD6-98A578ECDE84}.Debug|Any CPU.ActiveCfg = Debug|Any CPU
		{70C58C44-71DA-47DC-9FD6-98A578ECDE84}.Debug|Any CPU.Build.0 = Debug|Any CPU
		{70C58C44-71DA-47DC-9FD6-98A578ECDE84}.Debug|x64.ActiveCfg = Debug|Any CPU
		{70C58C44-71DA-47DC-9FD6-98A578ECDE84}.Debug|x64.Build.0 = Debug|Any CPU
		{70C58C44-71DA-47DC-9FD6-98A578ECDE84}.Debug|x86.ActiveCfg = Debug|Any CPU
		{70C58C44-71DA-47DC-9FD6-98A578ECDE84}.Debug|x86.Build.0 = Debug|Any CPU
		{70C58C44-71DA-47DC-9FD6-98A578ECDE84}.Release|Any CPU.ActiveCfg = Release|Any CPU
		{70C58C44-71DA-47DC-9FD6-98A578ECDE84}.Release|Any CPU.Build.0 = Release|Any CPU
		{70C58C44-71DA-47DC-9FD6-98A578ECDE84}.Release|x64.ActiveCfg = Release|Any CPU
		{70C58C44-71DA-47DC-9FD6-98A578ECDE84}.Release|x64.Build.0 = Release|Any CPU
		{70C58C44-71DA-47DC-9FD6-98A578ECDE84}.Release|x86.ActiveCfg = Release|Any CPU
		{70C58C44-71DA-47DC-9FD6-98A578ECDE84}.Release|x86.Build.0 = Release|Any CPU
		{96EFC9C7-0BF0-4D65-A160-B0750BA6A30F}.Debug|Any CPU.ActiveCfg = Debug|Any CPU
		{96EFC9C7-0BF0-4D65-A160-B0750BA6A30F}.Debug|Any CPU.Build.0 = Debug|Any CPU
		{96EFC9C7-0BF0-4D65-A160-B0750BA6A30F}.Debug|x64.ActiveCfg = Debug|Any CPU
		{96EFC9C7-0BF0-4D65-A160-B0750BA6A30F}.Debug|x64.Build.0 = Debug|Any CPU
		{96EFC9C7-0BF0-4D65-A160-B0750BA6A30F}.Debug|x86.ActiveCfg = Debug|Any CPU
		{96EFC9C7-0BF0-4D65-A160-B0750BA6A30F}.Debug|x86.Build.0 = Debug|Any CPU
		{96EFC9C7-0BF0-4D65-A160-B0750BA6A30F}.Release|Any CPU.ActiveCfg = Release|Any CPU
		{96EFC9C7-0BF0-4D65-A160-B0750BA6A30F}.Release|Any CPU.Build.0 = Release|Any CPU
		{96EFC9C7-0BF0-4D65-A160-B0750BA6A30F}.Release|x64.ActiveCfg = Release|Any CPU
		{96EFC9C7-0BF0-4D65-A160-B0750BA6A30F}.Release|x64.Build.0 = Release|Any CPU
		{96EFC9C7-0BF0-4D65-A160-B0750BA6A30F}.Release|x86.ActiveCfg = Release|Any CPU
		{96EFC9C7-0BF0-4D65-A160-B0750BA6A30F}.Release|x86.Build.0 = Release|Any CPU
		{7BD1C589-8979-434F-8D02-2ACC521F204E}.Debug|Any CPU.ActiveCfg = Debug|Any CPU
		{7BD1C589-8979-434F-8D02-2ACC521F204E}.Debug|Any CPU.Build.0 = Debug|Any CPU
		{7BD1C589-8979-434F-8D02-2ACC521F204E}.Debug|x64.ActiveCfg = Debug|Any CPU
		{7BD1C589-8979-434F-8D02-2ACC521F204E}.Debug|x64.Build.0 = Debug|Any CPU
		{7BD1C589-8979-434F-8D02-2ACC521F204E}.Debug|x86.ActiveCfg = Debug|Any CPU
		{7BD1C589-8979-434F-8D02-2ACC521F204E}.Debug|x86.Build.0 = Debug|Any CPU
		{7BD1C589-8979-434F-8D02-2ACC521F204E}.Release|Any CPU.ActiveCfg = Release|Any CPU
		{7BD1C589-8979-434F-8D02-2ACC521F204E}.Release|Any CPU.Build.0 = Release|Any CPU
		{7BD1C589-8979-434F-8D02-2ACC521F204E}.Release|x64.ActiveCfg = Release|Any CPU
		{7BD1C589-8979-434F-8D02-2ACC521F204E}.Release|x64.Build.0 = Release|Any CPU
		{7BD1C589-8979-434F-8D02-2ACC521F204E}.Release|x86.ActiveCfg = Release|Any CPU
		{7BD1C589-8979-434F-8D02-2ACC521F204E}.Release|x86.Build.0 = Release|Any CPU
		{A795DD5D-4D2F-4E0F-ACF9-BFC1C8476215}.Debug|Any CPU.ActiveCfg = Debug|Any CPU
		{A795DD5D-4D2F-4E0F-ACF9-BFC1C8476215}.Debug|Any CPU.Build.0 = Debug|Any CPU
		{A795DD5D-4D2F-4E0F-ACF9-BFC1C8476215}.Debug|x64.ActiveCfg = Debug|Any CPU
		{A795DD5D-4D2F-4E0F-ACF9-BFC1C8476215}.Debug|x64.Build.0 = Debug|Any CPU
		{A795DD5D-4D2F-4E0F-ACF9-BFC1C8476215}.Debug|x86.ActiveCfg = Debug|Any CPU
		{A795DD5D-4D2F-4E0F-ACF9-BFC1C8476215}.Debug|x86.Build.0 = Debug|Any CPU
		{A795DD5D-4D2F-4E0F-ACF9-BFC1C8476215}.Release|Any CPU.ActiveCfg = Release|Any CPU
		{A795DD5D-4D2F-4E0F-ACF9-BFC1C8476215}.Release|Any CPU.Build.0 = Release|Any CPU
		{A795DD5D-4D2F-4E0F-ACF9-BFC1C8476215}.Release|x64.ActiveCfg = Release|Any CPU
		{A795DD5D-4D2F-4E0F-ACF9-BFC1C8476215}.Release|x64.Build.0 = Release|Any CPU
		{A795DD5D-4D2F-4E0F-ACF9-BFC1C8476215}.Release|x86.ActiveCfg = Release|Any CPU
		{A795DD5D-4D2F-4E0F-ACF9-BFC1C8476215}.Release|x86.Build.0 = Release|Any CPU
		{896025DA-EBA5-4F62-B096-47070166CAA6}.Debug|Any CPU.ActiveCfg = Debug|Any CPU
		{896025DA-EBA5-4F62-B096-47070166CAA6}.Debug|Any CPU.Build.0 = Debug|Any CPU
		{896025DA-EBA5-4F62-B096-47070166CAA6}.Debug|x64.ActiveCfg = Debug|Any CPU
		{896025DA-EBA5-4F62-B096-47070166CAA6}.Debug|x64.Build.0 = Debug|Any CPU
		{896025DA-EBA5-4F62-B096-47070166CAA6}.Debug|x86.ActiveCfg = Debug|Any CPU
		{896025DA-EBA5-4F62-B096-47070166CAA6}.Debug|x86.Build.0 = Debug|Any CPU
		{896025DA-EBA5-4F62-B096-47070166CAA6}.Release|Any CPU.ActiveCfg = Release|Any CPU
		{896025DA-EBA5-4F62-B096-47070166CAA6}.Release|Any CPU.Build.0 = Release|Any CPU
		{896025DA-EBA5-4F62-B096-47070166CAA6}.Release|x64.ActiveCfg = Release|Any CPU
		{896025DA-EBA5-4F62-B096-47070166CAA6}.Release|x64.Build.0 = Release|Any CPU
		{896025DA-EBA5-4F62-B096-47070166CAA6}.Release|x86.ActiveCfg = Release|Any CPU
		{896025DA-EBA5-4F62-B096-47070166CAA6}.Release|x86.Build.0 = Release|Any CPU
		{A2159B84-87D8-4955-AAEF-9EC96B1CA453}.Debug|Any CPU.ActiveCfg = Debug|Any CPU
		{A2159B84-87D8-4955-AAEF-9EC96B1CA453}.Debug|Any CPU.Build.0 = Debug|Any CPU
		{A2159B84-87D8-4955-AAEF-9EC96B1CA453}.Debug|x64.ActiveCfg = Debug|Any CPU
		{A2159B84-87D8-4955-AAEF-9EC96B1CA453}.Debug|x64.Build.0 = Debug|Any CPU
		{A2159B84-87D8-4955-AAEF-9EC96B1CA453}.Debug|x86.ActiveCfg = Debug|Any CPU
		{A2159B84-87D8-4955-AAEF-9EC96B1CA453}.Debug|x86.Build.0 = Debug|Any CPU
		{A2159B84-87D8-4955-AAEF-9EC96B1CA453}.Release|Any CPU.ActiveCfg = Release|Any CPU
		{A2159B84-87D8-4955-AAEF-9EC96B1CA453}.Release|Any CPU.Build.0 = Release|Any CPU
		{A2159B84-87D8-4955-AAEF-9EC96B1CA453}.Release|x64.ActiveCfg = Release|Any CPU
		{A2159B84-87D8-4955-AAEF-9EC96B1CA453}.Release|x64.Build.0 = Release|Any CPU
		{A2159B84-87D8-4955-AAEF-9EC96B1CA453}.Release|x86.ActiveCfg = Release|Any CPU
		{A2159B84-87D8-4955-AAEF-9EC96B1CA453}.Release|x86.Build.0 = Release|Any CPU
		{2303DFE1-117D-406E-8C9D-B1BE1B1930D5}.Debug|Any CPU.ActiveCfg = Debug|Any CPU
		{2303DFE1-117D-406E-8C9D-B1BE1B1930D5}.Debug|Any CPU.Build.0 = Debug|Any CPU
		{2303DFE1-117D-406E-8C9D-B1BE1B1930D5}.Debug|x64.ActiveCfg = Debug|Any CPU
		{2303DFE1-117D-406E-8C9D-B1BE1B1930D5}.Debug|x64.Build.0 = Debug|Any CPU
		{2303DFE1-117D-406E-8C9D-B1BE1B1930D5}.Debug|x86.ActiveCfg = Debug|Any CPU
		{2303DFE1-117D-406E-8C9D-B1BE1B1930D5}.Debug|x86.Build.0 = Debug|Any CPU
		{2303DFE1-117D-406E-8C9D-B1BE1B1930D5}.Release|Any CPU.ActiveCfg = Release|Any CPU
		{2303DFE1-117D-406E-8C9D-B1BE1B1930D5}.Release|Any CPU.Build.0 = Release|Any CPU
		{2303DFE1-117D-406E-8C9D-B1BE1B1930D5}.Release|x64.ActiveCfg = Release|Any CPU
		{2303DFE1-117D-406E-8C9D-B1BE1B1930D5}.Release|x64.Build.0 = Release|Any CPU
		{2303DFE1-117D-406E-8C9D-B1BE1B1930D5}.Release|x86.ActiveCfg = Release|Any CPU
		{2303DFE1-117D-406E-8C9D-B1BE1B1930D5}.Release|x86.Build.0 = Release|Any CPU
	EndGlobalSection
EndGlobal
